
Microsoft Visual Studio Solution File, Format Version 12.00
# Visual Studio Version 16
VisualStudioVersion = 16.0.30413.136
MinimumVisualStudioVersion = 10.0.40219.1
Project("{FAE04EC0-301F-11D3-BF4B-00C04F79EFBC}") = "APITarea1.1", "APITarea1.1\APITarea1.1.csproj", "{C9C2CC49-0A74-45B1-99C0-538175590CC1}"
EndProject
Project("{FAE04EC0-301F-11D3-BF4B-00C04F79EFBC}") = "Tarea1.1.Tests", "Tarea1.1.Tests\Tarea1.1.Tests.csproj", "{6A2C1FB7-9241-46FB-8C41-27A3A99BD38D}"
EndProject
Project("{FAE04EC0-301F-11D3-BF4B-00C04F79EFBC}") = "admTarea1.1", "admTarea1.1\admTarea1.1.csproj", "{99EEFCF2-AEBB-420D-93BD-E7BC3DCAE96A}"
EndProject
Global
	GlobalSection(SolutionConfigurationPlatforms) = preSolution
		Debug|Any CPU = Debug|Any CPU
		Release|Any CPU = Release|Any CPU
	EndGlobalSection
	GlobalSection(ProjectConfigurationPlatforms) = postSolution
		{C9C2CC49-0A74-45B1-99C0-538175590CC1}.Debug|Any CPU.ActiveCfg = Debug|Any CPU
		{C9C2CC49-0A74-45B1-99C0-538175590CC1}.Debug|Any CPU.Build.0 = Debug|Any CPU
		{C9C2CC49-0A74-45B1-99C0-538175590CC1}.Release|Any CPU.ActiveCfg = Release|Any CPU
		{C9C2CC49-0A74-45B1-99C0-538175590CC1}.Release|Any CPU.Build.0 = Release|Any CPU
		{6A2C1FB7-9241-46FB-8C41-27A3A99BD38D}.Debug|Any CPU.ActiveCfg = Debug|Any CPU
		{6A2C1FB7-9241-46FB-8C41-27A3A99BD38D}.Debug|Any CPU.Build.0 = Debug|Any CPU
		{6A2C1FB7-9241-46FB-8C41-27A3A99BD38D}.Release|Any CPU.ActiveCfg = Release|Any CPU
		{6A2C1FB7-9241-46FB-8C41-27A3A99BD38D}.Release|Any CPU.Build.0 = Release|Any CPU
		{99EEFCF2-AEBB-420D-93BD-E7BC3DCAE96A}.Debug|Any CPU.ActiveCfg = Debug|Any CPU
		{99EEFCF2-AEBB-420D-93BD-E7BC3DCAE96A}.Debug|Any CPU.Build.0 = Debug|Any CPU
		{99EEFCF2-AEBB-420D-93BD-E7BC3DCAE96A}.Release|Any CPU.ActiveCfg = Release|Any CPU
		{99EEFCF2-AEBB-420D-93BD-E7BC3DCAE96A}.Release|Any CPU.Build.0 = Release|Any CPU
	EndGlobalSection
	GlobalSection(SolutionProperties) = preSolution
		HideSolutionNode = FALSE
	EndGlobalSection
	GlobalSection(ExtensibilityGlobals) = postSolution
		SolutionGuid = {0C50C813-8745-438E-954D-7C8AA66D57BB}
	EndGlobalSection
EndGlobal
